// !$*UTF8*$!
{
	archiveVersion = 1;
	classes = {
	};
	objectVersion = 46;
	objects = {

/* Begin PBXBuildFile section */
		808B98BED5012D65BFA02403 /* Pods.framework in Frameworks */ = {isa = PBXBuildFile; fileRef = C5F0F43AFCEEE23F16B314E1 /* Pods.framework */; };
		DD17B2291C5AE120009BD0E2 /* auta.sqlite in Resources */ = {isa = PBXBuildFile; fileRef = DD17B2271C5ADD3F009BD0E2 /* auta.sqlite */; };
		DD17B22A1C5AE120009BD0E2 /* kody.sqlite in Resources */ = {isa = PBXBuildFile; fileRef = DD17B2281C5ADD46009BD0E2 /* kody.sqlite */; };
		DD17B22D1C5AE775009BD0E2 /* Manufacturer.swift in Sources */ = {isa = PBXBuildFile; fileRef = DD17B22C1C5AE775009BD0E2 /* Manufacturer.swift */; };
		DD17B22F1C5AE88E009BD0E2 /* Car.swift in Sources */ = {isa = PBXBuildFile; fileRef = DD17B22E1C5AE88E009BD0E2 /* Car.swift */; };
		DD2856511C569AE000305561 /* AppDelegate.swift in Sources */ = {isa = PBXBuildFile; fileRef = DD2856501C569AE000305561 /* AppDelegate.swift */; };
		DD2856531C569AE000305561 /* FormVC.swift in Sources */ = {isa = PBXBuildFile; fileRef = DD2856521C569AE000305561 /* FormVC.swift */; };
		DD2856551C569AE000305561 /* CalculationsVC.swift in Sources */ = {isa = PBXBuildFile; fileRef = DD2856541C569AE000305561 /* CalculationsVC.swift */; };
		DD2856581C569AE000305561 /* Main.storyboard in Resources */ = {isa = PBXBuildFile; fileRef = DD2856561C569AE000305561 /* Main.storyboard */; };
		DD28565A1C569AE000305561 /* Assets.xcassets in Resources */ = {isa = PBXBuildFile; fileRef = DD2856591C569AE000305561 /* Assets.xcassets */; };
		DD28565D1C569AE000305561 /* LaunchScreen.storyboard in Resources */ = {isa = PBXBuildFile; fileRef = DD28565B1C569AE000305561 /* LaunchScreen.storyboard */; };
		DD2856651C569CFD00305561 /* BaseVC.swift in Sources */ = {isa = PBXBuildFile; fileRef = DD2856641C569CFD00305561 /* BaseVC.swift */; };
		DD7BFFC11C63CF3A00CF2EA6 /* AddPolicyVC.swift in Sources */ = {isa = PBXBuildFile; fileRef = DD7BFFC01C63CF3A00CF2EA6 /* AddPolicyVC.swift */; };
		DD7BFFC31C63CF8200CF2EA6 /* PoliciesVC.swift in Sources */ = {isa = PBXBuildFile; fileRef = DD7BFFC21C63CF8200CF2EA6 /* PoliciesVC.swift */; };
		DD7BFFC71C63D32C00CF2EA6 /* Policy.swift in Sources */ = {isa = PBXBuildFile; fileRef = DD7BFFC61C63D32C00CF2EA6 /* Policy.swift */; };
		DDC84E711C5CD14F0073EE0A /* Web1VC.swift in Sources */ = {isa = PBXBuildFile; fileRef = DDC84E701C5CD14F0073EE0A /* Web1VC.swift */; };
		DDC84E731C5CD1610073EE0A /* Web2VC.swift in Sources */ = {isa = PBXBuildFile; fileRef = DDC84E721C5CD1610073EE0A /* Web2VC.swift */; };
		DDC84E771C5CDA290073EE0A /* amabee_icon.png in Resources */ = {isa = PBXBuildFile; fileRef = DDC84E751C5CDA290073EE0A /* amabee_icon.png */; };
		DDC84E781C5CDA290073EE0A /* amabee_launch.png in Resources */ = {isa = PBXBuildFile; fileRef = DDC84E761C5CDA290073EE0A /* amabee_launch.png */; };
		DDC84E7B1C5CDAC50073EE0A /* NavVC.swift in Sources */ = {isa = PBXBuildFile; fileRef = DDC84E7A1C5CDAC50073EE0A /* NavVC.swift */; };
		DDC84E7D1C5CDFE80073EE0A /* TabBarVC.swift in Sources */ = {isa = PBXBuildFile; fileRef = DDC84E7C1C5CDFE80073EE0A /* TabBarVC.swift */; };
		DDC84E7F1C5CE3EF0073EE0A /* Extensions.swift in Sources */ = {isa = PBXBuildFile; fileRef = DDC84E7E1C5CE3EF0073EE0A /* Extensions.swift */; };
		DDC84E821C5CEDA90073EE0A /* BoolCell.swift in Sources */ = {isa = PBXBuildFile; fileRef = DDC84E811C5CEDA90073EE0A /* BoolCell.swift */; };
		DDC84E841C5CFB3D0073EE0A /* Protocols.swift in Sources */ = {isa = PBXBuildFile; fileRef = DDC84E831C5CFB3D0073EE0A /* Protocols.swift */; };
		DDC84E8A1C5D2AB20073EE0A /* DataModel.xcdatamodeld in Sources */ = {isa = PBXBuildFile; fileRef = DDC84E881C5D2AB20073EE0A /* DataModel.xcdatamodeld */; };
		DDC84E911C5D5A800073EE0A /* Calculation.swift in Sources */ = {isa = PBXBuildFile; fileRef = DDC84E901C5D5A800073EE0A /* Calculation.swift */; };
		DDC84E931C5D833F0073EE0A /* InputCell.swift in Sources */ = {isa = PBXBuildFile; fileRef = DDC84E921C5D833F0073EE0A /* InputCell.swift */; };
		DDC84E951C5DAB4E0073EE0A /* Utils.swift in Sources */ = {isa = PBXBuildFile; fileRef = DDC84E941C5DAB4E0073EE0A /* Utils.swift */; };
		DDC84E991C5DB01E0073EE0A /* SelectionVC.swift in Sources */ = {isa = PBXBuildFile; fileRef = DDC84E981C5DB01E0073EE0A /* SelectionVC.swift */; };
		DDC84E9B1C5EFCE00073EE0A /* DateVC.swift in Sources */ = {isa = PBXBuildFile; fileRef = DDC84E9A1C5EFCE00073EE0A /* DateVC.swift */; };
		DDC84E9D1C5EFD350073EE0A /* BaseChildVC.swift in Sources */ = {isa = PBXBuildFile; fileRef = DDC84E9C1C5EFD350073EE0A /* BaseChildVC.swift */; };
		DDC84E9F1C6042B90073EE0A /* Code.swift in Sources */ = {isa = PBXBuildFile; fileRef = DDC84E9E1C6042B90073EE0A /* Code.swift */; };
		DDC84EA11C62A87F0073EE0A /* post.txt in Resources */ = {isa = PBXBuildFile; fileRef = DDC84EA01C62A87F0073EE0A /* post.txt */; };
		DDC84EA51C62C6B30073EE0A /* example.txt in Resources */ = {isa = PBXBuildFile; fileRef = DDC84EA41C62C6B30073EE0A /* example.txt */; };
		DDC84EA81C62E69B0073EE0A /* LoadingOverlay.swift in Sources */ = {isa = PBXBuildFile; fileRef = DDC84EA71C62E69B0073EE0A /* LoadingOverlay.swift */; };
		DDC84EBD1C62EB180073EE0A /* CALayer+DTI.swift in Sources */ = {isa = PBXBuildFile; fileRef = DDC84EAF1C62EB180073EE0A /* CALayer+DTI.swift */; };
		DDC84EBE1C62EB180073EE0A /* DTIActivityIndicatorView.swift in Sources */ = {isa = PBXBuildFile; fileRef = DDC84EB11C62EB180073EE0A /* DTIActivityIndicatorView.swift */; };
		DDC84EBF1C62EB180073EE0A /* DTIAnimChasingDots.swift in Sources */ = {isa = PBXBuildFile; fileRef = DDC84EB21C62EB180073EE0A /* DTIAnimChasingDots.swift */; };
		DDC84EC01C62EB180073EE0A /* DTIAnimDoubleBounce.swift in Sources */ = {isa = PBXBuildFile; fileRef = DDC84EB31C62EB180073EE0A /* DTIAnimDoubleBounce.swift */; };
		DDC84EC11C62EB180073EE0A /* DTIAnimProtocol.swift in Sources */ = {isa = PBXBuildFile; fileRef = DDC84EB41C62EB180073EE0A /* DTIAnimProtocol.swift */; };
		DDC84EC21C62EB180073EE0A /* DTIAnimPulse.swift in Sources */ = {isa = PBXBuildFile; fileRef = DDC84EB51C62EB180073EE0A /* DTIAnimPulse.swift */; };
		DDC84EC31C62EB180073EE0A /* DTIAnimRotatingPlane.swift in Sources */ = {isa = PBXBuildFile; fileRef = DDC84EB61C62EB180073EE0A /* DTIAnimRotatingPlane.swift */; };
		DDC84EC41C62EB180073EE0A /* DTIAnimSpotify.swift in Sources */ = {isa = PBXBuildFile; fileRef = DDC84EB71C62EB180073EE0A /* DTIAnimSpotify.swift */; };
		DDC84EC51C62EB180073EE0A /* DTIAnimWanderingCubes.swift in Sources */ = {isa = PBXBuildFile; fileRef = DDC84EB81C62EB180073EE0A /* DTIAnimWanderingCubes.swift */; };
		DDC84EC61C62EB180073EE0A /* DTIAnimWave.swift in Sources */ = {isa = PBXBuildFile; fileRef = DDC84EB91C62EB180073EE0A /* DTIAnimWave.swift */; };
		DDC84EC81C62EB180073EE0A /* DTIIndicatorStyle.swift in Sources */ = {isa = PBXBuildFile; fileRef = DDC84EBB1C62EB180073EE0A /* DTIIndicatorStyle.swift */; };
		DDC84EC91C62EB180073EE0A /* Info.plist in Resources */ = {isa = PBXBuildFile; fileRef = DDC84EBC1C62EB180073EE0A /* Info.plist */; };
		DDC84ECB1C62EEC90073EE0A /* ResultsVC.swift in Sources */ = {isa = PBXBuildFile; fileRef = DDC84ECA1C62EEC90073EE0A /* ResultsVC.swift */; };
		DDD6FEF21C5ACE1200E0869F /* Database.swift in Sources */ = {isa = PBXBuildFile; fileRef = DDD6FEF11C5ACE1200E0869F /* Database.swift */; };
		DDE3CEFB1C66C18A0057A9B6 /* database-50@2x.png in Resources */ = {isa = PBXBuildFile; fileRef = DDE3CEFA1C66C18A0057A9B6 /* database-50@2x.png */; };
		DDE3CEFD1C66C1AE0057A9B6 /* edit_column-50@2x.png in Resources */ = {isa = PBXBuildFile; fileRef = DDE3CEFC1C66C1AE0057A9B6 /* edit_column-50@2x.png */; };
		DDE3CEFF1C66C1CE0057A9B6 /* view_details-50@2x.png in Resources */ = {isa = PBXBuildFile; fileRef = DDE3CEFE1C66C1CE0057A9B6 /* view_details-50@2x.png */; };
		DDE3CF011C66C3700057A9B6 /* add_column-25.png in Resources */ = {isa = PBXBuildFile; fileRef = DDE3CF001C66C3700057A9B6 /* add_column-25.png */; };
		DDE3CF031C66C3810057A9B6 /* database-25.png in Resources */ = {isa = PBXBuildFile; fileRef = DDE3CF021C66C3810057A9B6 /* database-25.png */; };
		DDE3CF051C66C3A20057A9B6 /* list-25.png in Resources */ = {isa = PBXBuildFile; fileRef = DDE3CF041C66C3A20057A9B6 /* list-25.png */; };
		DDE3CF071C66C5630057A9B6 /* automotive-50@2x.png in Resources */ = {isa = PBXBuildFile; fileRef = DDE3CF061C66C5630057A9B6 /* automotive-50@2x.png */; };
		DDE3CF091C66C5B00057A9B6 /* do_not_drop-50@2x.png in Resources */ = {isa = PBXBuildFile; fileRef = DDE3CF081C66C5B00057A9B6 /* do_not_drop-50@2x.png */; };
		DDE3CF0B1C66C6770057A9B6 /* invoice-50@2x.png in Resources */ = {isa = PBXBuildFile; fileRef = DDE3CF0A1C66C6770057A9B6 /* invoice-50@2x.png */; };
/* End PBXBuildFile section */

/* Begin PBXFileReference section */
		5F8586A9978A353C33E4ED24 /* Pods.release.xcconfig */ = {isa = PBXFileReference; includeInIndex = 1; lastKnownFileType = text.xcconfig; name = Pods.release.xcconfig; path = "Pods/Target Support Files/Pods/Pods.release.xcconfig"; sourceTree = "<group>"; };
		94083A0833C7694DDE1848F4 /* Pods.debug.xcconfig */ = {isa = PBXFileReference; includeInIndex = 1; lastKnownFileType = text.xcconfig; name = Pods.debug.xcconfig; path = "Pods/Target Support Files/Pods/Pods.debug.xcconfig"; sourceTree = "<group>"; };
		C5F0F43AFCEEE23F16B314E1 /* Pods.framework */ = {isa = PBXFileReference; explicitFileType = wrapper.framework; includeInIndex = 0; path = Pods.framework; sourceTree = BUILT_PRODUCTS_DIR; };
		DD17B2271C5ADD3F009BD0E2 /* auta.sqlite */ = {isa = PBXFileReference; lastKnownFileType = file; path = auta.sqlite; sourceTree = "<group>"; };
		DD17B2281C5ADD46009BD0E2 /* kody.sqlite */ = {isa = PBXFileReference; lastKnownFileType = file; path = kody.sqlite; sourceTree = "<group>"; };
		DD17B22C1C5AE775009BD0E2 /* Manufacturer.swift */ = {isa = PBXFileReference; fileEncoding = 4; lastKnownFileType = sourcecode.swift; path = Manufacturer.swift; sourceTree = "<group>"; };
		DD17B22E1C5AE88E009BD0E2 /* Car.swift */ = {isa = PBXFileReference; fileEncoding = 4; lastKnownFileType = sourcecode.swift; path = Car.swift; sourceTree = "<group>"; };
		DD28564D1C569AE000305561 /* Amabee.app */ = {isa = PBXFileReference; explicitFileType = wrapper.application; includeInIndex = 0; path = Amabee.app; sourceTree = BUILT_PRODUCTS_DIR; };
		DD2856501C569AE000305561 /* AppDelegate.swift */ = {isa = PBXFileReference; lastKnownFileType = sourcecode.swift; path = AppDelegate.swift; sourceTree = "<group>"; };
		DD2856521C569AE000305561 /* FormVC.swift */ = {isa = PBXFileReference; lastKnownFileType = sourcecode.swift; path = FormVC.swift; sourceTree = "<group>"; };
		DD2856541C569AE000305561 /* CalculationsVC.swift */ = {isa = PBXFileReference; lastKnownFileType = sourcecode.swift; path = CalculationsVC.swift; sourceTree = "<group>"; };
		DD2856571C569AE000305561 /* Base */ = {isa = PBXFileReference; lastKnownFileType = file.storyboard; name = Base; path = Base.lproj/Main.storyboard; sourceTree = "<group>"; };
		DD2856591C569AE000305561 /* Assets.xcassets */ = {isa = PBXFileReference; lastKnownFileType = folder.assetcatalog; path = Assets.xcassets; sourceTree = "<group>"; };
		DD28565C1C569AE000305561 /* Base */ = {isa = PBXFileReference; lastKnownFileType = file.storyboard; name = Base; path = Base.lproj/LaunchScreen.storyboard; sourceTree = "<group>"; };
		DD28565E1C569AE000305561 /* Info.plist */ = {isa = PBXFileReference; lastKnownFileType = text.plist.xml; path = Info.plist; sourceTree = "<group>"; };
		DD2856641C569CFD00305561 /* BaseVC.swift */ = {isa = PBXFileReference; fileEncoding = 4; lastKnownFileType = sourcecode.swift; path = BaseVC.swift; sourceTree = "<group>"; };
		DD7BFFC01C63CF3A00CF2EA6 /* AddPolicyVC.swift */ = {isa = PBXFileReference; fileEncoding = 4; lastKnownFileType = sourcecode.swift; path = AddPolicyVC.swift; sourceTree = "<group>"; };
		DD7BFFC21C63CF8200CF2EA6 /* PoliciesVC.swift */ = {isa = PBXFileReference; fileEncoding = 4; lastKnownFileType = sourcecode.swift; path = PoliciesVC.swift; sourceTree = "<group>"; };
		DD7BFFC61C63D32C00CF2EA6 /* Policy.swift */ = {isa = PBXFileReference; fileEncoding = 4; lastKnownFileType = sourcecode.swift; path = Policy.swift; sourceTree = "<group>"; };
		DDC84E701C5CD14F0073EE0A /* Web1VC.swift */ = {isa = PBXFileReference; fileEncoding = 4; lastKnownFileType = sourcecode.swift; path = Web1VC.swift; sourceTree = "<group>"; };
		DDC84E721C5CD1610073EE0A /* Web2VC.swift */ = {isa = PBXFileReference; fileEncoding = 4; lastKnownFileType = sourcecode.swift; path = Web2VC.swift; sourceTree = "<group>"; };
		DDC84E751C5CDA290073EE0A /* amabee_icon.png */ = {isa = PBXFileReference; lastKnownFileType = image.png; path = amabee_icon.png; sourceTree = "<group>"; };
		DDC84E761C5CDA290073EE0A /* amabee_launch.png */ = {isa = PBXFileReference; lastKnownFileType = image.png; path = amabee_launch.png; sourceTree = "<group>"; };
		DDC84E7A1C5CDAC50073EE0A /* NavVC.swift */ = {isa = PBXFileReference; fileEncoding = 4; lastKnownFileType = sourcecode.swift; path = NavVC.swift; sourceTree = "<group>"; };
		DDC84E7C1C5CDFE80073EE0A /* TabBarVC.swift */ = {isa = PBXFileReference; fileEncoding = 4; lastKnownFileType = sourcecode.swift; path = TabBarVC.swift; sourceTree = "<group>"; };
		DDC84E7E1C5CE3EF0073EE0A /* Extensions.swift */ = {isa = PBXFileReference; fileEncoding = 4; lastKnownFileType = sourcecode.swift; path = Extensions.swift; sourceTree = "<group>"; };
		DDC84E811C5CEDA90073EE0A /* BoolCell.swift */ = {isa = PBXFileReference; fileEncoding = 4; lastKnownFileType = sourcecode.swift; path = BoolCell.swift; sourceTree = "<group>"; };
		DDC84E831C5CFB3D0073EE0A /* Protocols.swift */ = {isa = PBXFileReference; fileEncoding = 4; lastKnownFileType = sourcecode.swift; path = Protocols.swift; sourceTree = "<group>"; };
		DDC84E891C5D2AB20073EE0A /* DataModel.xcdatamodel */ = {isa = PBXFileReference; lastKnownFileType = wrapper.xcdatamodel; path = DataModel.xcdatamodel; sourceTree = "<group>"; };
		DDC84E901C5D5A800073EE0A /* Calculation.swift */ = {isa = PBXFileReference; fileEncoding = 4; lastKnownFileType = sourcecode.swift; path = Calculation.swift; sourceTree = "<group>"; };
		DDC84E921C5D833F0073EE0A /* InputCell.swift */ = {isa = PBXFileReference; fileEncoding = 4; lastKnownFileType = sourcecode.swift; path = InputCell.swift; sourceTree = "<group>"; };
		DDC84E941C5DAB4E0073EE0A /* Utils.swift */ = {isa = PBXFileReference; fileEncoding = 4; lastKnownFileType = sourcecode.swift; path = Utils.swift; sourceTree = "<group>"; };
		DDC84E981C5DB01E0073EE0A /* SelectionVC.swift */ = {isa = PBXFileReference; fileEncoding = 4; lastKnownFileType = sourcecode.swift; path = SelectionVC.swift; sourceTree = "<group>"; };
		DDC84E9A1C5EFCE00073EE0A /* DateVC.swift */ = {isa = PBXFileReference; fileEncoding = 4; lastKnownFileType = sourcecode.swift; path = DateVC.swift; sourceTree = "<group>"; };
		DDC84E9C1C5EFD350073EE0A /* BaseChildVC.swift */ = {isa = PBXFileReference; fileEncoding = 4; lastKnownFileType = sourcecode.swift; path = BaseChildVC.swift; sourceTree = "<group>"; };
		DDC84E9E1C6042B90073EE0A /* Code.swift */ = {isa = PBXFileReference; fileEncoding = 4; lastKnownFileType = sourcecode.swift; path = Code.swift; sourceTree = "<group>"; };
		DDC84EA01C62A87F0073EE0A /* post.txt */ = {isa = PBXFileReference; fileEncoding = 4; lastKnownFileType = text; path = post.txt; sourceTree = "<group>"; };
		DDC84EA41C62C6B30073EE0A /* example.txt */ = {isa = PBXFileReference; fileEncoding = 4; lastKnownFileType = text; path = example.txt; sourceTree = "<group>"; };
		DDC84EA71C62E69B0073EE0A /* LoadingOverlay.swift */ = {isa = PBXFileReference; fileEncoding = 4; lastKnownFileType = sourcecode.swift; path = LoadingOverlay.swift; sourceTree = "<group>"; };
		DDC84EAF1C62EB180073EE0A /* CALayer+DTI.swift */ = {isa = PBXFileReference; fileEncoding = 4; lastKnownFileType = sourcecode.swift; path = "CALayer+DTI.swift"; sourceTree = "<group>"; };
		DDC84EB01C62EB180073EE0A /* DTIActivityIndicator.h */ = {isa = PBXFileReference; fileEncoding = 4; lastKnownFileType = sourcecode.c.h; path = DTIActivityIndicator.h; sourceTree = "<group>"; };
		DDC84EB11C62EB180073EE0A /* DTIActivityIndicatorView.swift */ = {isa = PBXFileReference; fileEncoding = 4; lastKnownFileType = sourcecode.swift; path = DTIActivityIndicatorView.swift; sourceTree = "<group>"; };
		DDC84EB21C62EB180073EE0A /* DTIAnimChasingDots.swift */ = {isa = PBXFileReference; fileEncoding = 4; lastKnownFileType = sourcecode.swift; path = DTIAnimChasingDots.swift; sourceTree = "<group>"; };
		DDC84EB31C62EB180073EE0A /* DTIAnimDoubleBounce.swift */ = {isa = PBXFileReference; fileEncoding = 4; lastKnownFileType = sourcecode.swift; path = DTIAnimDoubleBounce.swift; sourceTree = "<group>"; };
		DDC84EB41C62EB180073EE0A /* DTIAnimProtocol.swift */ = {isa = PBXFileReference; fileEncoding = 4; lastKnownFileType = sourcecode.swift; path = DTIAnimProtocol.swift; sourceTree = "<group>"; };
		DDC84EB51C62EB180073EE0A /* DTIAnimPulse.swift */ = {isa = PBXFileReference; fileEncoding = 4; lastKnownFileType = sourcecode.swift; path = DTIAnimPulse.swift; sourceTree = "<group>"; };
		DDC84EB61C62EB180073EE0A /* DTIAnimRotatingPlane.swift */ = {isa = PBXFileReference; fileEncoding = 4; lastKnownFileType = sourcecode.swift; path = DTIAnimRotatingPlane.swift; sourceTree = "<group>"; };
		DDC84EB71C62EB180073EE0A /* DTIAnimSpotify.swift */ = {isa = PBXFileReference; fileEncoding = 4; lastKnownFileType = sourcecode.swift; path = DTIAnimSpotify.swift; sourceTree = "<group>"; };
		DDC84EB81C62EB180073EE0A /* DTIAnimWanderingCubes.swift */ = {isa = PBXFileReference; fileEncoding = 4; lastKnownFileType = sourcecode.swift; path = DTIAnimWanderingCubes.swift; sourceTree = "<group>"; };
		DDC84EB91C62EB180073EE0A /* DTIAnimWave.swift */ = {isa = PBXFileReference; fileEncoding = 4; lastKnownFileType = sourcecode.swift; path = DTIAnimWave.swift; sourceTree = "<group>"; };
		DDC84EBB1C62EB180073EE0A /* DTIIndicatorStyle.swift */ = {isa = PBXFileReference; fileEncoding = 4; lastKnownFileType = sourcecode.swift; path = DTIIndicatorStyle.swift; sourceTree = "<group>"; };
		DDC84EBC1C62EB180073EE0A /* Info.plist */ = {isa = PBXFileReference; fileEncoding = 4; lastKnownFileType = text.plist.xml; path = Info.plist; sourceTree = "<group>"; };
		DDC84ECA1C62EEC90073EE0A /* ResultsVC.swift */ = {isa = PBXFileReference; fileEncoding = 4; lastKnownFileType = sourcecode.swift; path = ResultsVC.swift; sourceTree = "<group>"; };
		DDD6FEF11C5ACE1200E0869F /* Database.swift */ = {isa = PBXFileReference; fileEncoding = 4; lastKnownFileType = sourcecode.swift; path = Database.swift; sourceTree = "<group>"; };
		DDE3CEFA1C66C18A0057A9B6 /* database-50@2x.png */ = {isa = PBXFileReference; lastKnownFileType = image.png; path = "database-50@2x.png"; sourceTree = "<group>"; };
		DDE3CEFC1C66C1AE0057A9B6 /* edit_column-50@2x.png */ = {isa = PBXFileReference; lastKnownFileType = image.png; path = "edit_column-50@2x.png"; sourceTree = "<group>"; };
		DDE3CEFE1C66C1CE0057A9B6 /* view_details-50@2x.png */ = {isa = PBXFileReference; lastKnownFileType = image.png; path = "view_details-50@2x.png"; sourceTree = "<group>"; };
		DDE3CF001C66C3700057A9B6 /* add_column-25.png */ = {isa = PBXFileReference; lastKnownFileType = image.png; path = "add_column-25.png"; sourceTree = "<group>"; };
		DDE3CF021C66C3810057A9B6 /* database-25.png */ = {isa = PBXFileReference; lastKnownFileType = image.png; path = "database-25.png"; sourceTree = "<group>"; };
		DDE3CF041C66C3A20057A9B6 /* list-25.png */ = {isa = PBXFileReference; lastKnownFileType = image.png; path = "list-25.png"; sourceTree = "<group>"; };
		DDE3CF061C66C5630057A9B6 /* automotive-50@2x.png */ = {isa = PBXFileReference; lastKnownFileType = image.png; path = "automotive-50@2x.png"; sourceTree = "<group>"; };
		DDE3CF081C66C5B00057A9B6 /* do_not_drop-50@2x.png */ = {isa = PBXFileReference; lastKnownFileType = image.png; path = "do_not_drop-50@2x.png"; sourceTree = "<group>"; };
		DDE3CF0A1C66C6770057A9B6 /* invoice-50@2x.png */ = {isa = PBXFileReference; lastKnownFileType = image.png; path = "invoice-50@2x.png"; sourceTree = "<group>"; };
/* End PBXFileReference section */

/* Begin PBXFrameworksBuildPhase section */
		DD28564A1C569AE000305561 /* Frameworks */ = {
			isa = PBXFrameworksBuildPhase;
			buildActionMask = 2147483647;
			files = (
				808B98BED5012D65BFA02403 /* Pods.framework in Frameworks */,
			);
			runOnlyForDeploymentPostprocessing = 0;
		};
/* End PBXFrameworksBuildPhase section */

/* Begin PBXGroup section */
		4B70BFF85539B707CBE48144 /* Frameworks */ = {
			isa = PBXGroup;
			children = (
				C5F0F43AFCEEE23F16B314E1 /* Pods.framework */,
			);
			name = Frameworks;
			sourceTree = "<group>";
		};
		A92BE669BF2CBD8313993CCE /* Pods */ = {
			isa = PBXGroup;
			children = (
				94083A0833C7694DDE1848F4 /* Pods.debug.xcconfig */,
				5F8586A9978A353C33E4ED24 /* Pods.release.xcconfig */,
			);
			name = Pods;
			sourceTree = "<group>";
		};
		DD17B2261C5ADD2B009BD0E2 /* sqlite */ = {
			isa = PBXGroup;
			children = (
				DD17B2281C5ADD46009BD0E2 /* kody.sqlite */,
				DD17B2271C5ADD3F009BD0E2 /* auta.sqlite */,
			);
			name = sqlite;
			sourceTree = "<group>";
		};
		DD17B22B1C5AE5B0009BD0E2 /* models */ = {
			isa = PBXGroup;
			children = (
				DD17B22C1C5AE775009BD0E2 /* Manufacturer.swift */,
				DD17B22E1C5AE88E009BD0E2 /* Car.swift */,
				DDC84E901C5D5A800073EE0A /* Calculation.swift */,
				DDC84E9E1C6042B90073EE0A /* Code.swift */,
				DD7BFFC61C63D32C00CF2EA6 /* Policy.swift */,
			);
			name = models;
			sourceTree = "<group>";
		};
		DD2856441C569AE000305561 = {
			isa = PBXGroup;
			children = (
				DD28564F1C569AE000305561 /* Amabee */,
				DD28564E1C569AE000305561 /* Products */,
				A92BE669BF2CBD8313993CCE /* Pods */,
				4B70BFF85539B707CBE48144 /* Frameworks */,
			);
			sourceTree = "<group>";
		};
		DD28564E1C569AE000305561 /* Products */ = {
			isa = PBXGroup;
			children = (
				DD28564D1C569AE000305561 /* Amabee.app */,
			);
			name = Products;
			sourceTree = "<group>";
		};
		DD28564F1C569AE000305561 /* Amabee */ = {
			isa = PBXGroup;
			children = (
				DDC84EAE1C62EB180073EE0A /* Source */,
				DDC84E801C5CED9D0073EE0A /* cells */,
				DDC84E741C5CDA140073EE0A /* img */,
				DD17B22B1C5AE5B0009BD0E2 /* models */,
				DD17B2261C5ADD2B009BD0E2 /* sqlite */,
				DD2856501C569AE000305561 /* AppDelegate.swift */,
				DDC84EA01C62A87F0073EE0A /* post.txt */,
				DDC84EA41C62C6B30073EE0A /* example.txt */,
				DD2856521C569AE000305561 /* FormVC.swift */,
				DD2856541C569AE000305561 /* CalculationsVC.swift */,
				DDC84E701C5CD14F0073EE0A /* Web1VC.swift */,
				DD2856561C569AE000305561 /* Main.storyboard */,
				DD2856591C569AE000305561 /* Assets.xcassets */,
				DD28565B1C569AE000305561 /* LaunchScreen.storyboard */,
				DD28565E1C569AE000305561 /* Info.plist */,
				DDC84E9C1C5EFD350073EE0A /* BaseChildVC.swift */,
				DD2856641C569CFD00305561 /* BaseVC.swift */,
				DDD6FEF11C5ACE1200E0869F /* Database.swift */,
				DDC84E721C5CD1610073EE0A /* Web2VC.swift */,
				DDC84E7A1C5CDAC50073EE0A /* NavVC.swift */,
				DDC84E7C1C5CDFE80073EE0A /* TabBarVC.swift */,
				DDC84E7E1C5CE3EF0073EE0A /* Extensions.swift */,
				DDC84E831C5CFB3D0073EE0A /* Protocols.swift */,
				DDC84E881C5D2AB20073EE0A /* DataModel.xcdatamodeld */,
				DDC84E941C5DAB4E0073EE0A /* Utils.swift */,
				DDC84E981C5DB01E0073EE0A /* SelectionVC.swift */,
				DDC84E9A1C5EFCE00073EE0A /* DateVC.swift */,
				DDC84EA71C62E69B0073EE0A /* LoadingOverlay.swift */,
				DDC84ECA1C62EEC90073EE0A /* ResultsVC.swift */,
				DD7BFFC01C63CF3A00CF2EA6 /* AddPolicyVC.swift */,
				DD7BFFC21C63CF8200CF2EA6 /* PoliciesVC.swift */,
			);
			path = Amabee;
			sourceTree = "<group>";
		};
		DDC84E741C5CDA140073EE0A /* img */ = {
			isa = PBXGroup;
			children = (
				DDE3CEFA1C66C18A0057A9B6 /* database-50@2x.png */,
				DDE3CF001C66C3700057A9B6 /* add_column-25.png */,
				DDE3CF061C66C5630057A9B6 /* automotive-50@2x.png */,
				DDE3CF081C66C5B00057A9B6 /* do_not_drop-50@2x.png */,
				DDE3CF0A1C66C6770057A9B6 /* invoice-50@2x.png */,
				DDE3CEFE1C66C1CE0057A9B6 /* view_details-50@2x.png */,
				DDE3CEFC1C66C1AE0057A9B6 /* edit_column-50@2x.png */,
				DDE3CF021C66C3810057A9B6 /* database-25.png */,
				DDE3CF041C66C3A20057A9B6 /* list-25.png */,
				DDC84E751C5CDA290073EE0A /* amabee_icon.png */,
				DDC84E761C5CDA290073EE0A /* amabee_launch.png */,
			);
			name = img;
			sourceTree = "<group>";
		};
		DDC84E801C5CED9D0073EE0A /* cells */ = {
			isa = PBXGroup;
			children = (
				DDC84E811C5CEDA90073EE0A /* BoolCell.swift */,
				DDC84E921C5D833F0073EE0A /* InputCell.swift */,
			);
			name = cells;
			sourceTree = "<group>";
		};
		DDC84EAE1C62EB180073EE0A /* Source */ = {
			isa = PBXGroup;
			children = (
				DDC84EAF1C62EB180073EE0A /* CALayer+DTI.swift */,
				DDC84EB01C62EB180073EE0A /* DTIActivityIndicator.h */,
				DDC84EB11C62EB180073EE0A /* DTIActivityIndicatorView.swift */,
				DDC84EB21C62EB180073EE0A /* DTIAnimChasingDots.swift */,
				DDC84EB31C62EB180073EE0A /* DTIAnimDoubleBounce.swift */,
				DDC84EB41C62EB180073EE0A /* DTIAnimProtocol.swift */,
				DDC84EB51C62EB180073EE0A /* DTIAnimPulse.swift */,
				DDC84EB61C62EB180073EE0A /* DTIAnimRotatingPlane.swift */,
				DDC84EB71C62EB180073EE0A /* DTIAnimSpotify.swift */,
				DDC84EB81C62EB180073EE0A /* DTIAnimWanderingCubes.swift */,
				DDC84EB91C62EB180073EE0A /* DTIAnimWave.swift */,
				DDC84EBB1C62EB180073EE0A /* DTIIndicatorStyle.swift */,
				DDC84EBC1C62EB180073EE0A /* Info.plist */,
			);
			name = Source;
			path = "../../../Downloads/DTIActivityIndicatorView-Swift-master/Source";
			sourceTree = "<group>";
		};
/* End PBXGroup section */

/* Begin PBXNativeTarget section */
		DD28564C1C569AE000305561 /* Amabee */ = {
			isa = PBXNativeTarget;
			buildConfigurationList = DD2856611C569AE000305561 /* Build configuration list for PBXNativeTarget "Amabee" */;
			buildPhases = (
				251EE673B592410C73B877DA /* Check Pods Manifest.lock */,
				DD2856491C569AE000305561 /* Sources */,
				DD28564A1C569AE000305561 /* Frameworks */,
				DD28564B1C569AE000305561 /* Resources */,
				7C9EF9F50F55008B24A6C35F /* Embed Pods Frameworks */,
				4B582EC14EACFC0FCE20BA9E /* Copy Pods Resources */,
			);
			buildRules = (
			);
			dependencies = (
			);
			name = Amabee;
			productName = Amabee;
			productReference = DD28564D1C569AE000305561 /* Amabee.app */;
			productType = "com.apple.product-type.application";
		};
/* End PBXNativeTarget section */

/* Begin PBXProject section */
		DD2856451C569AE000305561 /* Project object */ = {
			isa = PBXProject;
			attributes = {
				LastSwiftUpdateCheck = 0720;
				LastUpgradeCheck = 0720;
				ORGANIZATIONNAME = Amabee;
				TargetAttributes = {
					DD28564C1C569AE000305561 = {
						CreatedOnToolsVersion = 7.2;
						DevelopmentTeam = K36E9SFT27;
					};
				};
			};
			buildConfigurationList = DD2856481C569AE000305561 /* Build configuration list for PBXProject "Amabee" */;
			compatibilityVersion = "Xcode 3.2";
			developmentRegion = English;
			hasScannedForEncodings = 0;
			knownRegions = (
				en,
				Base,
			);
			mainGroup = DD2856441C569AE000305561;
			productRefGroup = DD28564E1C569AE000305561 /* Products */;
			projectDirPath = "";
			projectRoot = "";
			targets = (
				DD28564C1C569AE000305561 /* Amabee */,
			);
		};
/* End PBXProject section */

/* Begin PBXResourcesBuildPhase section */
		DD28564B1C569AE000305561 /* Resources */ = {
			isa = PBXResourcesBuildPhase;
			buildActionMask = 2147483647;
			files = (
				DD17B2291C5AE120009BD0E2 /* auta.sqlite in Resources */,
				DDE3CF0B1C66C6770057A9B6 /* invoice-50@2x.png in Resources */,
				DDE3CF071C66C5630057A9B6 /* automotive-50@2x.png in Resources */,
				DDC84E771C5CDA290073EE0A /* amabee_icon.png in Resources */,
				DDE3CF011C66C3700057A9B6 /* add_column-25.png in Resources */,
				DDE3CEFD1C66C1AE0057A9B6 /* edit_column-50@2x.png in Resources */,
				DDE3CEFF1C66C1CE0057A9B6 /* view_details-50@2x.png in Resources */,
				DD17B22A1C5AE120009BD0E2 /* kody.sqlite in Resources */,
				DD28565D1C569AE000305561 /* LaunchScreen.storyboard in Resources */,
				DDC84EA11C62A87F0073EE0A /* post.txt in Resources */,
				DDC84E781C5CDA290073EE0A /* amabee_launch.png in Resources */,
				DDC84EA51C62C6B30073EE0A /* example.txt in Resources */,
				DDE3CF031C66C3810057A9B6 /* database-25.png in Resources */,
				DDE3CEFB1C66C18A0057A9B6 /* database-50@2x.png in Resources */,
				DD28565A1C569AE000305561 /* Assets.xcassets in Resources */,
				DDE3CF091C66C5B00057A9B6 /* do_not_drop-50@2x.png in Resources */,
				DDC84EC91C62EB180073EE0A /* Info.plist in Resources */,
				DDE3CF051C66C3A20057A9B6 /* list-25.png in Resources */,
				DD2856581C569AE000305561 /* Main.storyboard in Resources */,
			);
			runOnlyForDeploymentPostprocessing = 0;
		};
/* End PBXResourcesBuildPhase section */

/* Begin PBXShellScriptBuildPhase section */
		251EE673B592410C73B877DA /* Check Pods Manifest.lock */ = {
			isa = PBXShellScriptBuildPhase;
			buildActionMask = 2147483647;
			files = (
			);
			inputPaths = (
			);
			name = "Check Pods Manifest.lock";
			outputPaths = (
			);
			runOnlyForDeploymentPostprocessing = 0;
			shellPath = /bin/sh;
			shellScript = "diff \"${PODS_ROOT}/../Podfile.lock\" \"${PODS_ROOT}/Manifest.lock\" > /dev/null\nif [[ $? != 0 ]] ; then\n    cat << EOM\nerror: The sandbox is not in sync with the Podfile.lock. Run 'pod install' or update your CocoaPods installation.\nEOM\n    exit 1\nfi\n";
			showEnvVarsInLog = 0;
		};
		4B582EC14EACFC0FCE20BA9E /* Copy Pods Resources */ = {
			isa = PBXShellScriptBuildPhase;
			buildActionMask = 2147483647;
			files = (
			);
			inputPaths = (
			);
			name = "Copy Pods Resources";
			outputPaths = (
			);
			runOnlyForDeploymentPostprocessing = 0;
			shellPath = /bin/sh;
			shellScript = "\"${SRCROOT}/Pods/Target Support Files/Pods/Pods-resources.sh\"\n";
			showEnvVarsInLog = 0;
		};
		7C9EF9F50F55008B24A6C35F /* Embed Pods Frameworks */ = {
			isa = PBXShellScriptBuildPhase;
			buildActionMask = 2147483647;
			files = (
			);
			inputPaths = (
			);
			name = "Embed Pods Frameworks";
			outputPaths = (
			);
			runOnlyForDeploymentPostprocessing = 0;
			shellPath = /bin/sh;
			shellScript = "\"${SRCROOT}/Pods/Target Support Files/Pods/Pods-frameworks.sh\"\n";
			showEnvVarsInLog = 0;
		};
/* End PBXShellScriptBuildPhase section */

/* Begin PBXSourcesBuildPhase section */
		DD2856491C569AE000305561 /* Sources */ = {
			isa = PBXSourcesBuildPhase;
			buildActionMask = 2147483647;
			files = (
				DD2856551C569AE000305561 /* CalculationsVC.swift in Sources */,
				DDC84EC61C62EB180073EE0A /* DTIAnimWave.swift in Sources */,
				DDC84EC31C62EB180073EE0A /* DTIAnimRotatingPlane.swift in Sources */,
				DD2856511C569AE000305561 /* AppDelegate.swift in Sources */,
				DDC84E9B1C5EFCE00073EE0A /* DateVC.swift in Sources */,
				DDC84EC21C62EB180073EE0A /* DTIAnimPulse.swift in Sources */,
				DD7BFFC11C63CF3A00CF2EA6 /* AddPolicyVC.swift in Sources */,
				DD17B22D1C5AE775009BD0E2 /* Manufacturer.swift in Sources */,
				DDC84E731C5CD1610073EE0A /* Web2VC.swift in Sources */,
				DD2856531C569AE000305561 /* FormVC.swift in Sources */,
				DDC84EBF1C62EB180073EE0A /* DTIAnimChasingDots.swift in Sources */,
				DDC84EBE1C62EB180073EE0A /* DTIActivityIndicatorView.swift in Sources */,
				DDD6FEF21C5ACE1200E0869F /* Database.swift in Sources */,
				DDC84EA81C62E69B0073EE0A /* LoadingOverlay.swift in Sources */,
				DDC84E8A1C5D2AB20073EE0A /* DataModel.xcdatamodeld in Sources */,
				DDC84EC51C62EB180073EE0A /* DTIAnimWanderingCubes.swift in Sources */,
				DDC84E7B1C5CDAC50073EE0A /* NavVC.swift in Sources */,
				DDC84EC11C62EB180073EE0A /* DTIAnimProtocol.swift in Sources */,
				DDC84E9F1C6042B90073EE0A /* Code.swift in Sources */,
				DDC84E9D1C5EFD350073EE0A /* BaseChildVC.swift in Sources */,
				DDC84E821C5CEDA90073EE0A /* BoolCell.swift in Sources */,
				DDC84EC41C62EB180073EE0A /* DTIAnimSpotify.swift in Sources */,
				DD7BFFC31C63CF8200CF2EA6 /* PoliciesVC.swift in Sources */,
				DDC84E7F1C5CE3EF0073EE0A /* Extensions.swift in Sources */,
				DDC84EC81C62EB180073EE0A /* DTIIndicatorStyle.swift in Sources */,
				DDC84E931C5D833F0073EE0A /* InputCell.swift in Sources */,
				DDC84E951C5DAB4E0073EE0A /* Utils.swift in Sources */,
				DDC84E841C5CFB3D0073EE0A /* Protocols.swift in Sources */,
				DDC84EBD1C62EB180073EE0A /* CALayer+DTI.swift in Sources */,
				DDC84E911C5D5A800073EE0A /* Calculation.swift in Sources */,
				DDC84ECB1C62EEC90073EE0A /* ResultsVC.swift in Sources */,
				DD17B22F1C5AE88E009BD0E2 /* Car.swift in Sources */,
				DDC84E991C5DB01E0073EE0A /* SelectionVC.swift in Sources */,
				DD7BFFC71C63D32C00CF2EA6 /* Policy.swift in Sources */,
				DDC84E7D1C5CDFE80073EE0A /* TabBarVC.swift in Sources */,
				DDC84EC01C62EB180073EE0A /* DTIAnimDoubleBounce.swift in Sources */,
				DD2856651C569CFD00305561 /* BaseVC.swift in Sources */,
				DDC84E711C5CD14F0073EE0A /* Web1VC.swift in Sources */,
			);
			runOnlyForDeploymentPostprocessing = 0;
		};
/* End PBXSourcesBuildPhase section */

/* Begin PBXVariantGroup section */
		DD2856561C569AE000305561 /* Main.storyboard */ = {
			isa = PBXVariantGroup;
			children = (
				DD2856571C569AE000305561 /* Base */,
			);
			name = Main.storyboard;
			sourceTree = "<group>";
		};
		DD28565B1C569AE000305561 /* LaunchScreen.storyboard */ = {
			isa = PBXVariantGroup;
			children = (
				DD28565C1C569AE000305561 /* Base */,
			);
			name = LaunchScreen.storyboard;
			sourceTree = "<group>";
		};
/* End PBXVariantGroup section */

/* Begin XCBuildConfiguration section */
		DD28565F1C569AE000305561 /* Debug */ = {
			isa = XCBuildConfiguration;
			buildSettings = {
				ALWAYS_SEARCH_USER_PATHS = NO;
				CLANG_CXX_LANGUAGE_STANDARD = "gnu++0x";
				CLANG_CXX_LIBRARY = "libc++";
				CLANG_ENABLE_MODULES = YES;
				CLANG_ENABLE_OBJC_ARC = YES;
				CLANG_WARN_BOOL_CONVERSION = YES;
				CLANG_WARN_CONSTANT_CONVERSION = YES;
				CLANG_WARN_DIRECT_OBJC_ISA_USAGE = YES_ERROR;
				CLANG_WARN_EMPTY_BODY = YES;
				CLANG_WARN_ENUM_CONVERSION = YES;
				CLANG_WARN_INT_CONVERSION = YES;
				CLANG_WARN_OBJC_ROOT_CLASS = YES_ERROR;
				CLANG_WARN_UNREACHABLE_CODE = YES;
				CLANG_WARN__DUPLICATE_METHOD_MATCH = YES;
				"CODE_SIGN_IDENTITY[sdk=iphoneos*]" = "iPhone Developer";
				COPY_PHASE_STRIP = NO;
				DEBUG_INFORMATION_FORMAT = dwarf;
				ENABLE_STRICT_OBJC_MSGSEND = YES;
				ENABLE_TESTABILITY = YES;
				GCC_C_LANGUAGE_STANDARD = gnu99;
				GCC_DYNAMIC_NO_PIC = NO;
				GCC_NO_COMMON_BLOCKS = YES;
				GCC_OPTIMIZATION_LEVEL = 0;
				GCC_PREPROCESSOR_DEFINITIONS = (
					"DEBUG=1",
					"$(inherited)",
				);
				GCC_WARN_64_TO_32_BIT_CONVERSION = YES;
				GCC_WARN_ABOUT_RETURN_TYPE = YES_ERROR;
				GCC_WARN_UNDECLARED_SELECTOR = YES;
				GCC_WARN_UNINITIALIZED_AUTOS = YES_AGGRESSIVE;
				GCC_WARN_UNUSED_FUNCTION = YES;
				GCC_WARN_UNUSED_VARIABLE = YES;
				IPHONEOS_DEPLOYMENT_TARGET = 9.2;
				MTL_ENABLE_DEBUG_INFO = YES;
				ONLY_ACTIVE_ARCH = YES;
				SDKROOT = iphoneos;
				SWIFT_OPTIMIZATION_LEVEL = "-Onone";
			};
			name = Debug;
		};
		DD2856601C569AE000305561 /* Release */ = {
			isa = XCBuildConfiguration;
			buildSettings = {
				ALWAYS_SEARCH_USER_PATHS = NO;
				CLANG_CXX_LANGUAGE_STANDARD = "gnu++0x";
				CLANG_CXX_LIBRARY = "libc++";
				CLANG_ENABLE_MODULES = YES;
				CLANG_ENABLE_OBJC_ARC = YES;
				CLANG_WARN_BOOL_CONVERSION = YES;
				CLANG_WARN_CONSTANT_CONVERSION = YES;
				CLANG_WARN_DIRECT_OBJC_ISA_USAGE = YES_ERROR;
				CLANG_WARN_EMPTY_BODY = YES;
				CLANG_WARN_ENUM_CONVERSION = YES;
				CLANG_WARN_INT_CONVERSION = YES;
				CLANG_WARN_OBJC_ROOT_CLASS = YES_ERROR;
				CLANG_WARN_UNREACHABLE_CODE = YES;
				CLANG_WARN__DUPLICATE_METHOD_MATCH = YES;
				"CODE_SIGN_IDENTITY[sdk=iphoneos*]" = "iPhone Developer";
				COPY_PHASE_STRIP = NO;
				DEBUG_INFORMATION_FORMAT = "dwarf-with-dsym";
				ENABLE_NS_ASSERTIONS = NO;
				ENABLE_STRICT_OBJC_MSGSEND = YES;
				GCC_C_LANGUAGE_STANDARD = gnu99;
				GCC_NO_COMMON_BLOCKS = YES;
				GCC_WARN_64_TO_32_BIT_CONVERSION = YES;
				GCC_WARN_ABOUT_RETURN_TYPE = YES_ERROR;
				GCC_WARN_UNDECLARED_SELECTOR = YES;
				GCC_WARN_UNINITIALIZED_AUTOS = YES_AGGRESSIVE;
				GCC_WARN_UNUSED_FUNCTION = YES;
				GCC_WARN_UNUSED_VARIABLE = YES;
				IPHONEOS_DEPLOYMENT_TARGET = 9.2;
				MTL_ENABLE_DEBUG_INFO = NO;
				SDKROOT = iphoneos;
				VALIDATE_PRODUCT = YES;
			};
			name = Release;
		};
		DD2856621C569AE000305561 /* Debug */ = {
			isa = XCBuildConfiguration;
			baseConfigurationReference = 94083A0833C7694DDE1848F4 /* Pods.debug.xcconfig */;
			buildSettings = {
				ASSETCATALOG_COMPILER_APPICON_NAME = AppIcon;
				CODE_SIGN_IDENTITY = "iPhone Developer";
				INFOPLIST_FILE = Amabee/Info.plist;
				IPHONEOS_DEPLOYMENT_TARGET = 8.0;
				LD_RUNPATH_SEARCH_PATHS = "$(inherited) @executable_path/Frameworks";
				PRODUCT_BUNDLE_IDENTIFIER = amabee.Amabee;
				PRODUCT_NAME = "$(TARGET_NAME)";
			};
			name = Debug;
		};
		DD2856631C569AE000305561 /* Release */ = {
			isa = XCBuildConfiguration;
			baseConfigurationReference = 5F8586A9978A353C33E4ED24 /* Pods.release.xcconfig */;
			buildSettings = {
				ASSETCATALOG_COMPILER_APPICON_NAME = AppIcon;
				CODE_SIGN_IDENTITY = "iPhone Developer";
				INFOPLIST_FILE = Amabee/Info.plist;
				IPHONEOS_DEPLOYMENT_TARGET = 8.0;
				LD_RUNPATH_SEARCH_PATHS = "$(inherited) @executable_path/Frameworks";
				PRODUCT_BUNDLE_IDENTIFIER = amabee.Amabee;
				PRODUCT_NAME = "$(TARGET_NAME)";
			};
			name = Release;
		};
/* End XCBuildConfiguration section */

/* Begin XCConfigurationList section */
		DD2856481C569AE000305561 /* Build configuration list for PBXProject "Amabee" */ = {
			isa = XCConfigurationList;
			buildConfigurations = (
				DD28565F1C569AE000305561 /* Debug */,
				DD2856601C569AE000305561 /* Release */,
			);
			defaultConfigurationIsVisible = 0;
			defaultConfigurationName = Release;
		};
		DD2856611C569AE000305561 /* Build configuration list for PBXNativeTarget "Amabee" */ = {
			isa = XCConfigurationList;
			buildConfigurations = (
				DD2856621C569AE000305561 /* Debug */,
				DD2856631C569AE000305561 /* Release */,
			);
			defaultConfigurationIsVisible = 0;
			defaultConfigurationName = Release;
		};
/* End XCConfigurationList section */

/* Begin XCVersionGroup section */
		DDC84E881C5D2AB20073EE0A /* DataModel.xcdatamodeld */ = {
			isa = XCVersionGroup;
			children = (
				DDC84E891C5D2AB20073EE0A /* DataModel.xcdatamodel */,
			);
			currentVersion = DDC84E891C5D2AB20073EE0A /* DataModel.xcdatamodel */;
			path = DataModel.xcdatamodeld;
			sourceTree = "<group>";
			versionGroupType = wrapper.xcdatamodel;
		};
/* End XCVersionGroup section */
	};
	rootObject = DD2856451C569AE000305561 /* Project object */;
}
